// !$*UTF8*$!
{
	archiveVersion = 1;
	classes = {
	};
	objectVersion = 46;
	objects = {

/* Begin PBXBuildFile section */
		CD1139551B501EB800A582AE /* ArrayExtension.swift in Sources */ = {isa = PBXBuildFile; fileRef = CD1139541B501EB800A582AE /* ArrayExtension.swift */; };
		CD287F881B4E5E01003A0AC7 /* DestinationsViewController.swift in Sources */ = {isa = PBXBuildFile; fileRef = CD287F871B4E5E01003A0AC7 /* DestinationsViewController.swift */; };
		CD891AC11B4E60CF00907BA5 /* DestinationsViewCell.swift in Sources */ = {isa = PBXBuildFile; fileRef = CD891AC01B4E60CF00907BA5 /* DestinationsViewCell.swift */; };
		CD891AC91B4FA0CB00907BA5 /* UITableViewCell+Swift.m in Sources */ = {isa = PBXBuildFile; fileRef = CD891AC81B4FA0CB00907BA5 /* UITableViewCell+Swift.m */; };
		CD979A211B4C1B040087A3E1 /* WeatherManager.swift in Sources */ = {isa = PBXBuildFile; fileRef = CD979A201B4C1B040087A3E1 /* WeatherManager.swift */; };
		CD979A231B4C1B3F0087A3E1 /* Destination.swift in Sources */ = {isa = PBXBuildFile; fileRef = CD979A221B4C1B3F0087A3E1 /* Destination.swift */; };
		CDA008491B4CF9890040F9EE /* UIFont+Swift.m in Sources */ = {isa = PBXBuildFile; fileRef = CDA008481B4CF9890040F9EE /* UIFont+Swift.m */; };
		CDA0084C1B4D43510040F9EE /* NumberFormatter.swift in Sources */ = {isa = PBXBuildFile; fileRef = CDA0084B1B4D43510040F9EE /* NumberFormatter.swift */; };
		CDA0084E1B4D52830040F9EE /* ForecastViewCell.swift in Sources */ = {isa = PBXBuildFile; fileRef = CDA0084D1B4D52830040F9EE /* ForecastViewCell.swift */; };
		CDA008501B4D5ED90040F9EE /* NSDateFormatterExtension.swift in Sources */ = {isa = PBXBuildFile; fileRef = CDA0084F1B4D5ED90040F9EE /* NSDateFormatterExtension.swift */; };
		EF29D4521B5A543000294F49 /* AVFoundation.framework in Frameworks */ = {isa = PBXBuildFile; fileRef = EF29D4511B5A543000294F49 /* AVFoundation.framework */; };
		EF5FA99C1B491C4900A44BFF /* AppDelegate.swift in Sources */ = {isa = PBXBuildFile; fileRef = EF5FA99B1B491C4900A44BFF /* AppDelegate.swift */; };
		EF5FA9A51B491C4900A44BFF /* Images.xcassets in Resources */ = {isa = PBXBuildFile; fileRef = EF5FA9A41B491C4900A44BFF /* Images.xcassets */; };
		EF5FA9A81B491C4900A44BFF /* LaunchScreen.xib in Resources */ = {isa = PBXBuildFile; fileRef = EF5FA9A61B491C4900A44BFF /* LaunchScreen.xib */; };
		EF5FA9C31B493D4800A44BFF /* ProximaNova-Bold.otf in Resources */ = {isa = PBXBuildFile; fileRef = EF5FA9BF1B493D4800A44BFF /* ProximaNova-Bold.otf */; };
		EF5FA9C41B493D4800A44BFF /* ProximaNova-Light.otf in Resources */ = {isa = PBXBuildFile; fileRef = EF5FA9C01B493D4800A44BFF /* ProximaNova-Light.otf */; };
		EF5FA9C51B493D4800A44BFF /* ProximaNova-Regular.otf in Resources */ = {isa = PBXBuildFile; fileRef = EF5FA9C11B493D4800A44BFF /* ProximaNova-Regular.otf */; };
		EF5FA9C61B493D4800A44BFF /* ProximaNova-Semibold.otf in Resources */ = {isa = PBXBuildFile; fileRef = EF5FA9C21B493D4800A44BFF /* ProximaNova-Semibold.otf */; };
		EF5FA9CA1B4940CD00A44BFF /* Main.storyboard in Resources */ = {isa = PBXBuildFile; fileRef = EF5FA9C81B4940CD00A44BFF /* Main.storyboard */; };
		EF5FA9D51B494CAE00A44BFF /* SettingsViewController.swift in Sources */ = {isa = PBXBuildFile; fileRef = EF5FA9D41B494CAE00A44BFF /* SettingsViewController.swift */; };
		EF5FA9DD1B49592C00A44BFF /* ForecastViewController.swift in Sources */ = {isa = PBXBuildFile; fileRef = EF5FA9DA1B49592C00A44BFF /* ForecastViewController.swift */; };
		EF5FA9E21B49593200A44BFF /* TodayViewController.swift in Sources */ = {isa = PBXBuildFile; fileRef = EF5FA9DF1B49593200A44BFF /* TodayViewController.swift */; };
		EF5FA9E41B495E6B00A44BFF /* Colors.swift in Sources */ = {isa = PBXBuildFile; fileRef = EF5FA9E31B495E6B00A44BFF /* Colors.swift */; };
		EF5FA9E61B4968D100A44BFF /* UserSettings.swift in Sources */ = {isa = PBXBuildFile; fileRef = EF5FA9E51B4968D100A44BFF /* UserSettings.swift */; };
		EF5FA9EA1B497B3200A44BFF /* UIAppearance+Swift.m in Sources */ = {isa = PBXBuildFile; fileRef = EF5FA9E91B497B3200A44BFF /* UIAppearance+Swift.m */; };
		EF6626641B4F362600E75BF7 /* MGSwipeButton.m in Sources */ = {isa = PBXBuildFile; fileRef = EF6626611B4F362600E75BF7 /* MGSwipeButton.m */; };
		EF6626651B4F362600E75BF7 /* MGSwipeTableCell.m in Sources */ = {isa = PBXBuildFile; fileRef = EF6626631B4F362600E75BF7 /* MGSwipeTableCell.m */; };
		EF8127AC1B4C5039007A48BD /* CoreLocation.framework in Frameworks */ = {isa = PBXBuildFile; fileRef = EF8127AB1B4C5039007A48BD /* CoreLocation.framework */; };
		EF8127CD1B4C5311007A48BD /* SwiftyJSON.swift in Sources */ = {isa = PBXBuildFile; fileRef = EF8127C21B4C5311007A48BD /* SwiftyJSON.swift */; };
		EF8127CF1B4C5554007A48BD /* WeatherRecord.swift in Sources */ = {isa = PBXBuildFile; fileRef = EF8127CE1B4C5554007A48BD /* WeatherRecord.swift */; };
		EFB796F41B4C5BF500B2780E /* LocationManager.swift in Sources */ = {isa = PBXBuildFile; fileRef = EFB796F31B4C5BF500B2780E /* LocationManager.swift */; };
		EFC96B341B598E7A0074DF51 /* NotificationCenter.m in Sources */ = {isa = PBXBuildFile; fileRef = EFC96B331B598E7A0074DF51 /* NotificationCenter.m */; };
		EFC96B371B5992CA0074DF51 /* UIView+position.m in Sources */ = {isa = PBXBuildFile; fileRef = EFC96B361B5992CA0074DF51 /* UIView+position.m */; };
		EFC96B3A1B599B920074DF51 /* telegramwe.caf in Resources */ = {isa = PBXBuildFile; fileRef = EFC96B391B599B920074DF51 /* telegramwe.caf */; };
		EFCBEF291B4EE0B3009E14B0 /* DestinationsSearchViewController.swift in Sources */ = {isa = PBXBuildFile; fileRef = EFCBEF281B4EE0B3009E14B0 /* DestinationsSearchViewController.swift */; };
		EFCBEF2E1B4EE9C7009E14B0 /* UIView+Swift.m in Sources */ = {isa = PBXBuildFile; fileRef = EFCBEF2D1B4EE9C7009E14B0 /* UIView+Swift.m */; };
		EFCBEF361B4EFA90009E14B0 /* SVIndefiniteAnimatedView.m in Sources */ = {isa = PBXBuildFile; fileRef = EFCBEF311B4EFA90009E14B0 /* SVIndefiniteAnimatedView.m */; };
		EFCBEF371B4EFA90009E14B0 /* SVProgressHUD.bundle in Resources */ = {isa = PBXBuildFile; fileRef = EFCBEF331B4EFA90009E14B0 /* SVProgressHUD.bundle */; };
		EFCBEF381B4EFA90009E14B0 /* SVProgressHUD.m in Sources */ = {isa = PBXBuildFile; fileRef = EFCBEF351B4EFA90009E14B0 /* SVProgressHUD.m */; };
		EFD159DB1B597B51006A85DB /* StringExtension.swift in Sources */ = {isa = PBXBuildFile; fileRef = EFD159DA1B597B51006A85DB /* StringExtension.swift */; };
/* End PBXBuildFile section */

/* Begin PBXFileReference section */
		CD1139541B501EB800A582AE /* ArrayExtension.swift */ = {isa = PBXFileReference; fileEncoding = 4; lastKnownFileType = sourcecode.swift; path = ArrayExtension.swift; sourceTree = "<group>"; };
		CD287F871B4E5E01003A0AC7 /* DestinationsViewController.swift */ = {isa = PBXFileReference; fileEncoding = 4; lastKnownFileType = sourcecode.swift; path = DestinationsViewController.swift; sourceTree = "<group>"; };
		CD891AC01B4E60CF00907BA5 /* DestinationsViewCell.swift */ = {isa = PBXFileReference; fileEncoding = 4; lastKnownFileType = sourcecode.swift; path = DestinationsViewCell.swift; sourceTree = "<group>"; };
		CD891AC71B4FA0CB00907BA5 /* UITableViewCell+Swift.h */ = {isa = PBXFileReference; fileEncoding = 4; lastKnownFileType = sourcecode.c.h; path = "UITableViewCell+Swift.h"; sourceTree = "<group>"; };
		CD891AC81B4FA0CB00907BA5 /* UITableViewCell+Swift.m */ = {isa = PBXFileReference; fileEncoding = 4; lastKnownFileType = sourcecode.c.objc; path = "UITableViewCell+Swift.m"; sourceTree = "<group>"; };
		CD979A201B4C1B040087A3E1 /* WeatherManager.swift */ = {isa = PBXFileReference; fileEncoding = 4; lastKnownFileType = sourcecode.swift; path = WeatherManager.swift; sourceTree = "<group>"; };
		CD979A221B4C1B3F0087A3E1 /* Destination.swift */ = {isa = PBXFileReference; fileEncoding = 4; lastKnownFileType = sourcecode.swift; path = Destination.swift; sourceTree = "<group>"; };
		CDA008471B4CF9890040F9EE /* UIFont+Swift.h */ = {isa = PBXFileReference; fileEncoding = 4; lastKnownFileType = sourcecode.c.h; path = "UIFont+Swift.h"; sourceTree = "<group>"; };
		CDA008481B4CF9890040F9EE /* UIFont+Swift.m */ = {isa = PBXFileReference; fileEncoding = 4; lastKnownFileType = sourcecode.c.objc; path = "UIFont+Swift.m"; sourceTree = "<group>"; };
		CDA0084B1B4D43510040F9EE /* NumberFormatter.swift */ = {isa = PBXFileReference; fileEncoding = 4; lastKnownFileType = sourcecode.swift; path = NumberFormatter.swift; sourceTree = "<group>"; };
		CDA0084D1B4D52830040F9EE /* ForecastViewCell.swift */ = {isa = PBXFileReference; fileEncoding = 4; lastKnownFileType = sourcecode.swift; path = ForecastViewCell.swift; sourceTree = "<group>"; };
		CDA0084F1B4D5ED90040F9EE /* NSDateFormatterExtension.swift */ = {isa = PBXFileReference; fileEncoding = 4; lastKnownFileType = sourcecode.swift; path = NSDateFormatterExtension.swift; sourceTree = "<group>"; };
		EF29D4511B5A543000294F49 /* AVFoundation.framework */ = {isa = PBXFileReference; lastKnownFileType = wrapper.framework; name = AVFoundation.framework; path = System/Library/Frameworks/AVFoundation.framework; sourceTree = SDKROOT; };
		EF5FA9961B491C4900A44BFF /* Weather.app */ = {isa = PBXFileReference; explicitFileType = wrapper.application; includeInIndex = 0; path = Weather.app; sourceTree = BUILT_PRODUCTS_DIR; };
		EF5FA99A1B491C4900A44BFF /* Info.plist */ = {isa = PBXFileReference; lastKnownFileType = text.plist.xml; path = Info.plist; sourceTree = "<group>"; };
		EF5FA99B1B491C4900A44BFF /* AppDelegate.swift */ = {isa = PBXFileReference; lastKnownFileType = sourcecode.swift; path = AppDelegate.swift; sourceTree = "<group>"; };
		EF5FA9A41B491C4900A44BFF /* Images.xcassets */ = {isa = PBXFileReference; lastKnownFileType = folder.assetcatalog; path = Images.xcassets; sourceTree = "<group>"; };
		EF5FA9A71B491C4900A44BFF /* Base */ = {isa = PBXFileReference; lastKnownFileType = file.xib; name = Base; path = Base.lproj/LaunchScreen.xib; sourceTree = "<group>"; };
		EF5FA9BF1B493D4800A44BFF /* ProximaNova-Bold.otf */ = {isa = PBXFileReference; lastKnownFileType = file; path = "ProximaNova-Bold.otf"; sourceTree = "<group>"; };
		EF5FA9C01B493D4800A44BFF /* ProximaNova-Light.otf */ = {isa = PBXFileReference; lastKnownFileType = file; path = "ProximaNova-Light.otf"; sourceTree = "<group>"; };
		EF5FA9C11B493D4800A44BFF /* ProximaNova-Regular.otf */ = {isa = PBXFileReference; lastKnownFileType = file; path = "ProximaNova-Regular.otf"; sourceTree = "<group>"; };
		EF5FA9C21B493D4800A44BFF /* ProximaNova-Semibold.otf */ = {isa = PBXFileReference; lastKnownFileType = file; path = "ProximaNova-Semibold.otf"; sourceTree = "<group>"; };
		EF5FA9C91B4940CD00A44BFF /* Base */ = {isa = PBXFileReference; lastKnownFileType = file.storyboard; name = Base; path = Base.lproj/Main.storyboard; sourceTree = "<group>"; };
		EF5FA9D41B494CAE00A44BFF /* SettingsViewController.swift */ = {isa = PBXFileReference; fileEncoding = 4; lastKnownFileType = sourcecode.swift; path = SettingsViewController.swift; sourceTree = "<group>"; };
		EF5FA9DA1B49592C00A44BFF /* ForecastViewController.swift */ = {isa = PBXFileReference; fileEncoding = 4; lastKnownFileType = sourcecode.swift; path = ForecastViewController.swift; sourceTree = "<group>"; };
		EF5FA9DF1B49593200A44BFF /* TodayViewController.swift */ = {isa = PBXFileReference; fileEncoding = 4; lastKnownFileType = sourcecode.swift; path = TodayViewController.swift; sourceTree = "<group>"; };
		EF5FA9E31B495E6B00A44BFF /* Colors.swift */ = {isa = PBXFileReference; fileEncoding = 4; lastKnownFileType = sourcecode.swift; path = Colors.swift; sourceTree = "<group>"; };
		EF5FA9E51B4968D100A44BFF /* UserSettings.swift */ = {isa = PBXFileReference; fileEncoding = 4; lastKnownFileType = sourcecode.swift; path = UserSettings.swift; sourceTree = "<group>"; };
		EF5FA9E71B497AF200A44BFF /* Bridge.h */ = {isa = PBXFileReference; fileEncoding = 4; lastKnownFileType = sourcecode.c.h; path = Bridge.h; sourceTree = "<group>"; };
		EF5FA9E81B497B3200A44BFF /* UIAppearance+Swift.h */ = {isa = PBXFileReference; fileEncoding = 4; lastKnownFileType = sourcecode.c.h; path = "UIAppearance+Swift.h"; sourceTree = "<group>"; };
		EF5FA9E91B497B3200A44BFF /* UIAppearance+Swift.m */ = {isa = PBXFileReference; fileEncoding = 4; lastKnownFileType = sourcecode.c.objc; path = "UIAppearance+Swift.m"; sourceTree = "<group>"; };
		EF6626601B4F362600E75BF7 /* MGSwipeButton.h */ = {isa = PBXFileReference; fileEncoding = 4; lastKnownFileType = sourcecode.c.h; path = MGSwipeButton.h; sourceTree = "<group>"; };
		EF6626611B4F362600E75BF7 /* MGSwipeButton.m */ = {isa = PBXFileReference; fileEncoding = 4; lastKnownFileType = sourcecode.c.objc; path = MGSwipeButton.m; sourceTree = "<group>"; };
		EF6626621B4F362600E75BF7 /* MGSwipeTableCell.h */ = {isa = PBXFileReference; fileEncoding = 4; lastKnownFileType = sourcecode.c.h; path = MGSwipeTableCell.h; sourceTree = "<group>"; };
		EF6626631B4F362600E75BF7 /* MGSwipeTableCell.m */ = {isa = PBXFileReference; fileEncoding = 4; lastKnownFileType = sourcecode.c.objc; path = MGSwipeTableCell.m; sourceTree = "<group>"; };
		EF8127AB1B4C5039007A48BD /* CoreLocation.framework */ = {isa = PBXFileReference; lastKnownFileType = wrapper.framework; name = CoreLocation.framework; path = System/Library/Frameworks/CoreLocation.framework; sourceTree = SDKROOT; };
		EF8127C21B4C5311007A48BD /* SwiftyJSON.swift */ = {isa = PBXFileReference; fileEncoding = 4; lastKnownFileType = sourcecode.swift; path = SwiftyJSON.swift; sourceTree = "<group>"; };
		EF8127CE1B4C5554007A48BD /* WeatherRecord.swift */ = {isa = PBXFileReference; fileEncoding = 4; lastKnownFileType = sourcecode.swift; path = WeatherRecord.swift; sourceTree = "<group>"; };
		EFB796F31B4C5BF500B2780E /* LocationManager.swift */ = {isa = PBXFileReference; fileEncoding = 4; lastKnownFileType = sourcecode.swift; path = LocationManager.swift; sourceTree = "<group>"; };
		EFC96B321B598E7A0074DF51 /* NotificationCenter.h */ = {isa = PBXFileReference; fileEncoding = 4; lastKnownFileType = sourcecode.c.h; path = NotificationCenter.h; sourceTree = "<group>"; };
		EFC96B331B598E7A0074DF51 /* NotificationCenter.m */ = {isa = PBXFileReference; fileEncoding = 4; lastKnownFileType = sourcecode.c.objc; path = NotificationCenter.m; sourceTree = "<group>"; };
		EFC96B351B5992CA0074DF51 /* UIView+position.h */ = {isa = PBXFileReference; fileEncoding = 4; lastKnownFileType = sourcecode.c.h; path = "UIView+position.h"; sourceTree = "<group>"; };
		EFC96B361B5992CA0074DF51 /* UIView+position.m */ = {isa = PBXFileReference; fileEncoding = 4; lastKnownFileType = sourcecode.c.objc; path = "UIView+position.m"; sourceTree = "<group>"; };
		EFC96B391B599B920074DF51 /* telegramwe.caf */ = {isa = PBXFileReference; lastKnownFileType = file; path = telegramwe.caf; sourceTree = "<group>"; };
		EFCBEF281B4EE0B3009E14B0 /* DestinationsSearchViewController.swift */ = {isa = PBXFileReference; fileEncoding = 4; lastKnownFileType = sourcecode.swift; path = DestinationsSearchViewController.swift; sourceTree = "<group>"; };
		EFCBEF2C1B4EE9C7009E14B0 /* UIView+Swift.h */ = {isa = PBXFileReference; fileEncoding = 4; lastKnownFileType = sourcecode.c.h; path = "UIView+Swift.h"; sourceTree = "<group>"; };
		EFCBEF2D1B4EE9C7009E14B0 /* UIView+Swift.m */ = {isa = PBXFileReference; fileEncoding = 4; lastKnownFileType = sourcecode.c.objc; path = "UIView+Swift.m"; sourceTree = "<group>"; };
		EFCBEF301B4EFA90009E14B0 /* SVIndefiniteAnimatedView.h */ = {isa = PBXFileReference; fileEncoding = 4; lastKnownFileType = sourcecode.c.h; path = SVIndefiniteAnimatedView.h; sourceTree = "<group>"; };
		EFCBEF311B4EFA90009E14B0 /* SVIndefiniteAnimatedView.m */ = {isa = PBXFileReference; fileEncoding = 4; lastKnownFileType = sourcecode.c.objc; path = SVIndefiniteAnimatedView.m; sourceTree = "<group>"; };
		EFCBEF321B4EFA90009E14B0 /* SVProgressHUD-Prefix.pch */ = {isa = PBXFileReference; fileEncoding = 4; lastKnownFileType = sourcecode.c.h; path = "SVProgressHUD-Prefix.pch"; sourceTree = "<group>"; };
		EFCBEF331B4EFA90009E14B0 /* SVProgressHUD.bundle */ = {isa = PBXFileReference; lastKnownFileType = "wrapper.plug-in"; path = SVProgressHUD.bundle; sourceTree = "<group>"; };
		EFCBEF341B4EFA90009E14B0 /* SVProgressHUD.h */ = {isa = PBXFileReference; fileEncoding = 4; lastKnownFileType = sourcecode.c.h; path = SVProgressHUD.h; sourceTree = "<group>"; };
		EFCBEF351B4EFA90009E14B0 /* SVProgressHUD.m */ = {isa = PBXFileReference; fileEncoding = 4; lastKnownFileType = sourcecode.c.objc; path = SVProgressHUD.m; sourceTree = "<group>"; };
		EFD159DA1B597B51006A85DB /* StringExtension.swift */ = {isa = PBXFileReference; fileEncoding = 4; lastKnownFileType = sourcecode.swift; path = StringExtension.swift; sourceTree = "<group>"; };
/* End PBXFileReference section */

/* Begin PBXFrameworksBuildPhase section */
		EF5FA9931B491C4900A44BFF /* Frameworks */ = {
			isa = PBXFrameworksBuildPhase;
			buildActionMask = 2147483647;
			files = (
				EF29D4521B5A543000294F49 /* AVFoundation.framework in Frameworks */,
				EF8127AC1B4C5039007A48BD /* CoreLocation.framework in Frameworks */,
			);
			runOnlyForDeploymentPostprocessing = 0;
		};
/* End PBXFrameworksBuildPhase section */

/* Begin PBXGroup section */
		CD7755261B4E5B0200C160BA /* Destinations */ = {
			isa = PBXGroup;
			children = (
				CD7755281B4E5B0200C160BA /* Model */,
				CD891ABF1B4E60CE00907BA5 /* View */,
				CD7755271B4E5B0200C160BA /* Controller */,
			);
			name = Destinations;
			path = Classes/Destinations;
			sourceTree = "<group>";
		};
		CD7755271B4E5B0200C160BA /* Controller */ = {
			isa = PBXGroup;
			children = (
				CD287F871B4E5E01003A0AC7 /* DestinationsViewController.swift */,
				EFCBEF281B4EE0B3009E14B0 /* DestinationsSearchViewController.swift */,
			);
			path = Controller;
			sourceTree = "<group>";
		};
		CD7755281B4E5B0200C160BA /* Model */ = {
			isa = PBXGroup;
			children = (
				CD979A221B4C1B3F0087A3E1 /* Destination.swift */,
			);
			path = Model;
			sourceTree = "<group>";
		};
		CD891ABF1B4E60CE00907BA5 /* View */ = {
			isa = PBXGroup;
			children = (
				CD891AC01B4E60CF00907BA5 /* DestinationsViewCell.swift */,
			);
			path = View;
			sourceTree = "<group>";
		};
		EF5FA98D1B491C4900A44BFF = {
			isa = PBXGroup;
			children = (
				EF5FA9981B491C4900A44BFF /* Weather */,
				EF5FA9971B491C4900A44BFF /* Products */,
			);
			sourceTree = "<group>";
		};
		EF5FA9971B491C4900A44BFF /* Products */ = {
			isa = PBXGroup;
			children = (
				EF5FA9961B491C4900A44BFF /* Weather.app */,
			);
			name = Products;
			sourceTree = "<group>";
		};
		EF5FA9981B491C4900A44BFF /* Weather */ = {
			isa = PBXGroup;
			children = (
				EF5FA9C71B493D4F00A44BFF /* Classes */,
				EF5FA9D61B49536500A44BFF /* Extensions */,
				EF5FA9BD1B493D2000A44BFF /* Resources */,
				EF8127B01B4C5311007A48BD /* Libraries */,
				EF5FA9991B491C4900A44BFF /* Supporting Files */,
				EF5FA99B1B491C4900A44BFF /* AppDelegate.swift */,
				EF5FA9C81B4940CD00A44BFF /* Main.storyboard */,
				EF5FA9A61B491C4900A44BFF /* LaunchScreen.xib */,
			);
			path = Weather;
			sourceTree = "<group>";
		};
		EF5FA9991B491C4900A44BFF /* Supporting Files */ = {
			isa = PBXGroup;
			children = (
				EF5FA99A1B491C4900A44BFF /* Info.plist */,
				EF5FA9E71B497AF200A44BFF /* Bridge.h */,
			);
			name = "Supporting Files";
			sourceTree = "<group>";
		};
		EF5FA9BD1B493D2000A44BFF /* Resources */ = {
			isa = PBXGroup;
			children = (
				EF5FA9BE1B493D4800A44BFF /* Fonts */,
				EF5FA9A41B491C4900A44BFF /* Images.xcassets */,
				EFC96B381B599B920074DF51 /* Sounds */,
			);
			path = Resources;
			sourceTree = "<group>";
		};
		EF5FA9BE1B493D4800A44BFF /* Fonts */ = {
			isa = PBXGroup;
			children = (
				EF5FA9BF1B493D4800A44BFF /* ProximaNova-Bold.otf */,
				EF5FA9C01B493D4800A44BFF /* ProximaNova-Light.otf */,
				EF5FA9C11B493D4800A44BFF /* ProximaNova-Regular.otf */,
				EF5FA9C21B493D4800A44BFF /* ProximaNova-Semibold.otf */,
			);
			path = Fonts;
			sourceTree = "<group>";
		};
		EF5FA9C71B493D4F00A44BFF /* Classes */ = {
			isa = PBXGroup;
			children = (
				CD7755261B4E5B0200C160BA /* Destinations */,
				EF5FA9D11B494C5E00A44BFF /* Today */,
				EF5FA9CC1B494C5E00A44BFF /* Forecast */,
				EF5FA9CD1B494C5E00A44BFF /* Settings */,
			);
			name = Classes;
			sourceTree = "<group>";
		};
		EF5FA9CC1B494C5E00A44BFF /* Forecast */ = {
			isa = PBXGroup;
			children = (
				EF5FA9DB1B49592C00A44BFF /* Model */,
				EF5FA9DC1B49592C00A44BFF /* View */,
				EF5FA9D91B49592C00A44BFF /* Controller */,
			);
			name = Forecast;
			path = Classes/Forecast;
			sourceTree = "<group>";
		};
		EF5FA9CD1B494C5E00A44BFF /* Settings */ = {
			isa = PBXGroup;
			children = (
				EF5FA9CF1B494C5E00A44BFF /* Model */,
				EF5FA9D01B494C5E00A44BFF /* View */,
				EF5FA9CE1B494C5E00A44BFF /* Controller */,
			);
			name = Settings;
			path = Classes/Settings;
			sourceTree = "<group>";
		};
		EF5FA9CE1B494C5E00A44BFF /* Controller */ = {
			isa = PBXGroup;
			children = (
				EF5FA9D41B494CAE00A44BFF /* SettingsViewController.swift */,
			);
			path = Controller;
			sourceTree = "<group>";
		};
		EF5FA9CF1B494C5E00A44BFF /* Model */ = {
			isa = PBXGroup;
			children = (
				CDA0084B1B4D43510040F9EE /* NumberFormatter.swift */,
				EF5FA9E51B4968D100A44BFF /* UserSettings.swift */,
			);
			path = Model;
			sourceTree = "<group>";
		};
		EF5FA9D01B494C5E00A44BFF /* View */ = {
			isa = PBXGroup;
			children = (
			);
			path = View;
			sourceTree = "<group>";
		};
		EF5FA9D11B494C5E00A44BFF /* Today */ = {
			isa = PBXGroup;
			children = (
				EF5FA9E01B49593200A44BFF /* Model */,
				EF5FA9E11B49593200A44BFF /* View */,
				EF5FA9DE1B49593200A44BFF /* Controller */,
			);
			name = Today;
			path = Classes/Today;
			sourceTree = "<group>";
		};
		EF5FA9D61B49536500A44BFF /* Extensions */ = {
			isa = PBXGroup;
			children = (
				CD1139541B501EB800A582AE /* ArrayExtension.swift */,
				EF5FA9E31B495E6B00A44BFF /* Colors.swift */,
				EFC96B321B598E7A0074DF51 /* NotificationCenter.h */,
				EFC96B331B598E7A0074DF51 /* NotificationCenter.m */,
				CDA0084F1B4D5ED90040F9EE /* NSDateFormatterExtension.swift */,
				EFD159DA1B597B51006A85DB /* StringExtension.swift */,
				EF5FA9E81B497B3200A44BFF /* UIAppearance+Swift.h */,
				EF5FA9E91B497B3200A44BFF /* UIAppearance+Swift.m */,
				CDA008471B4CF9890040F9EE /* UIFont+Swift.h */,
				CDA008481B4CF9890040F9EE /* UIFont+Swift.m */,
				CD891AC71B4FA0CB00907BA5 /* UITableViewCell+Swift.h */,
				CD891AC81B4FA0CB00907BA5 /* UITableViewCell+Swift.m */,
				EFC96B351B5992CA0074DF51 /* UIView+position.h */,
				EFC96B361B5992CA0074DF51 /* UIView+position.m */,
				EFCBEF2C1B4EE9C7009E14B0 /* UIView+Swift.h */,
				EFCBEF2D1B4EE9C7009E14B0 /* UIView+Swift.m */,
			);
			path = Extensions;
			sourceTree = "<group>";
		};
		EF5FA9D91B49592C00A44BFF /* Controller */ = {
			isa = PBXGroup;
			children = (
				EF5FA9DA1B49592C00A44BFF /* ForecastViewController.swift */,
			);
			path = Controller;
			sourceTree = "<group>";
		};
		EF5FA9DB1B49592C00A44BFF /* Model */ = {
			isa = PBXGroup;
			children = (
				CD979A201B4C1B040087A3E1 /* WeatherManager.swift */,
				EF8127CE1B4C5554007A48BD /* WeatherRecord.swift */,
				EFB796F31B4C5BF500B2780E /* LocationManager.swift */,
			);
			path = Model;
			sourceTree = "<group>";
		};
		EF5FA9DC1B49592C00A44BFF /* View */ = {
			isa = PBXGroup;
			children = (
				CDA0084D1B4D52830040F9EE /* ForecastViewCell.swift */,
			);
			path = View;
			sourceTree = "<group>";
		};
		EF5FA9DE1B49593200A44BFF /* Controller */ = {
			isa = PBXGroup;
			children = (
				EF5FA9DF1B49593200A44BFF /* TodayViewController.swift */,
			);
			path = Controller;
			sourceTree = "<group>";
		};
		EF5FA9E01B49593200A44BFF /* Model */ = {
			isa = PBXGroup;
			children = (
			);
			path = Model;
			sourceTree = "<group>";
		};
		EF5FA9E11B49593200A44BFF /* View */ = {
			isa = PBXGroup;
			children = (
			);
			path = View;
			sourceTree = "<group>";
		};
		EF66265F1B4F362600E75BF7 /* MGSwipeTableCell */ = {
			isa = PBXGroup;
			children = (
				EF6626601B4F362600E75BF7 /* MGSwipeButton.h */,
				EF6626611B4F362600E75BF7 /* MGSwipeButton.m */,
				EF6626621B4F362600E75BF7 /* MGSwipeTableCell.h */,
				EF6626631B4F362600E75BF7 /* MGSwipeTableCell.m */,
			);
			path = MGSwipeTableCell;
			sourceTree = "<group>";
		};
		EF8127B01B4C5311007A48BD /* Libraries */ = {
			isa = PBXGroup;
			children = (
				EF29D4511B5A543000294F49 /* AVFoundation.framework */,
				EF8127AB1B4C5039007A48BD /* CoreLocation.framework */,
				EF66265F1B4F362600E75BF7 /* MGSwipeTableCell */,
				EFCBEF2F1B4EFA90009E14B0 /* SVProgressHUD */,
				EF8127C11B4C5311007A48BD /* SwiftyJSON */,
			);
			path = Libraries;
			sourceTree = "<group>";
		};
		EF8127C11B4C5311007A48BD /* SwiftyJSON */ = {
			isa = PBXGroup;
			children = (
				EF8127C21B4C5311007A48BD /* SwiftyJSON.swift */,
			);
			path = SwiftyJSON;
			sourceTree = "<group>";
		};
		EFC96B381B599B920074DF51 /* Sounds */ = {
			isa = PBXGroup;
			children = (
				EFC96B391B599B920074DF51 /* telegramwe.caf */,
			);
			path = Sounds;
			sourceTree = "<group>";
		};
		EFCBEF2F1B4EFA90009E14B0 /* SVProgressHUD */ = {
			isa = PBXGroup;
			children = (
				EFCBEF301B4EFA90009E14B0 /* SVIndefiniteAnimatedView.h */,
				EFCBEF311B4EFA90009E14B0 /* SVIndefiniteAnimatedView.m */,
				EFCBEF321B4EFA90009E14B0 /* SVProgressHUD-Prefix.pch */,
				EFCBEF331B4EFA90009E14B0 /* SVProgressHUD.bundle */,
				EFCBEF341B4EFA90009E14B0 /* SVProgressHUD.h */,
				EFCBEF351B4EFA90009E14B0 /* SVProgressHUD.m */,
			);
			path = SVProgressHUD;
			sourceTree = "<group>";
		};
/* End PBXGroup section */

/* Begin PBXNativeTarget section */
		EF5FA9951B491C4900A44BFF /* Weather */ = {
			isa = PBXNativeTarget;
			buildConfigurationList = EF5FA9B71B491C4900A44BFF /* Build configuration list for PBXNativeTarget "Weather" */;
			buildPhases = (
				EF5FA9921B491C4900A44BFF /* Sources */,
				EF5FA9931B491C4900A44BFF /* Frameworks */,
				EF5FA9941B491C4900A44BFF /* Resources */,
			);
			buildRules = (
			);
			dependencies = (
			);
			name = Weather;
			productName = weather;
			productReference = EF5FA9961B491C4900A44BFF /* Weather.app */;
			productType = "com.apple.product-type.application";
		};
/* End PBXNativeTarget section */

/* Begin PBXProject section */
		EF5FA98E1B491C4900A44BFF /* Project object */ = {
			isa = PBXProject;
			attributes = {
				LastUpgradeCheck = 0820;
				ORGANIZATIONNAME = Michi;
				TargetAttributes = {
					EF5FA9951B491C4900A44BFF = {
						CreatedOnToolsVersion = 6.2;
						LastSwiftMigration = 0820;
					};
				};
			};
			buildConfigurationList = EF5FA9911B491C4900A44BFF /* Build configuration list for PBXProject "Weather" */;
			compatibilityVersion = "Xcode 3.2";
			developmentRegion = English;
			hasScannedForEncodings = 0;
			knownRegions = (
				en,
				Base,
			);
			mainGroup = EF5FA98D1B491C4900A44BFF;
			productRefGroup = EF5FA9971B491C4900A44BFF /* Products */;
			projectDirPath = "";
			projectRoot = "";
			targets = (
				EF5FA9951B491C4900A44BFF /* Weather */,
			);
		};
/* End PBXProject section */

/* Begin PBXResourcesBuildPhase section */
		EF5FA9941B491C4900A44BFF /* Resources */ = {
			isa = PBXResourcesBuildPhase;
			buildActionMask = 2147483647;
			files = (
				EFC96B3A1B599B920074DF51 /* telegramwe.caf in Resources */,
				EF5FA9CA1B4940CD00A44BFF /* Main.storyboard in Resources */,
				EF5FA9C31B493D4800A44BFF /* ProximaNova-Bold.otf in Resources */,
				EF5FA9C61B493D4800A44BFF /* ProximaNova-Semibold.otf in Resources */,
				EFCBEF371B4EFA90009E14B0 /* SVProgressHUD.bundle in Resources */,
				EF5FA9C51B493D4800A44BFF /* ProximaNova-Regular.otf in Resources */,
				EF5FA9C41B493D4800A44BFF /* ProximaNova-Light.otf in Resources */,
				EF5FA9A81B491C4900A44BFF /* LaunchScreen.xib in Resources */,
				EF5FA9A51B491C4900A44BFF /* Images.xcassets in Resources */,
			);
			runOnlyForDeploymentPostprocessing = 0;
		};
/* End PBXResourcesBuildPhase section */

/* Begin PBXSourcesBuildPhase section */
		EF5FA9921B491C4900A44BFF /* Sources */ = {
			isa = PBXSourcesBuildPhase;
			buildActionMask = 2147483647;
			files = (
				CD287F881B4E5E01003A0AC7 /* DestinationsViewController.swift in Sources */,
				EF5FA99C1B491C4900A44BFF /* AppDelegate.swift in Sources */,
				CDA0084C1B4D43510040F9EE /* NumberFormatter.swift in Sources */,
				EF8127CD1B4C5311007A48BD /* SwiftyJSON.swift in Sources */,
				CDA0084E1B4D52830040F9EE /* ForecastViewCell.swift in Sources */,
				EFD159DB1B597B51006A85DB /* StringExtension.swift in Sources */,
				EF5FA9E41B495E6B00A44BFF /* Colors.swift in Sources */,
				CDA008491B4CF9890040F9EE /* UIFont+Swift.m in Sources */,
				CD979A211B4C1B040087A3E1 /* WeatherManager.swift in Sources */,
				EFCBEF2E1B4EE9C7009E14B0 /* UIView+Swift.m in Sources */,
				EFCBEF361B4EFA90009E14B0 /* SVIndefiniteAnimatedView.m in Sources */,
				EFC96B341B598E7A0074DF51 /* NotificationCenter.m in Sources */,
				EFCBEF381B4EFA90009E14B0 /* SVProgressHUD.m in Sources */,
				EFC96B371B5992CA0074DF51 /* UIView+position.m in Sources */,
				EF5FA9DD1B49592C00A44BFF /* ForecastViewController.swift in Sources */,
				EF5FA9E21B49593200A44BFF /* TodayViewController.swift in Sources */,
				EF6626651B4F362600E75BF7 /* MGSwipeTableCell.m in Sources */,
				EFCBEF291B4EE0B3009E14B0 /* DestinationsSearchViewController.swift in Sources */,
				EF5FA9E61B4968D100A44BFF /* UserSettings.swift in Sources */,
				CDA008501B4D5ED90040F9EE /* NSDateFormatterExtension.swift in Sources */,
				CD891AC11B4E60CF00907BA5 /* DestinationsViewCell.swift in Sources */,
				EF6626641B4F362600E75BF7 /* MGSwipeButton.m in Sources */,
				EF8127CF1B4C5554007A48BD /* WeatherRecord.swift in Sources */,
				EF5FA9EA1B497B3200A44BFF /* UIAppearance+Swift.m in Sources */,
				EFB796F41B4C5BF500B2780E /* LocationManager.swift in Sources */,
				EF5FA9D51B494CAE00A44BFF /* SettingsViewController.swift in Sources */,
				CD979A231B4C1B3F0087A3E1 /* Destination.swift in Sources */,
				CD891AC91B4FA0CB00907BA5 /* UITableViewCell+Swift.m in Sources */,
				CD1139551B501EB800A582AE /* ArrayExtension.swift in Sources */,
			);
			runOnlyForDeploymentPostprocessing = 0;
		};
/* End PBXSourcesBuildPhase section */

/* Begin PBXVariantGroup section */
		EF5FA9A61B491C4900A44BFF /* LaunchScreen.xib */ = {
			isa = PBXVariantGroup;
			children = (
				EF5FA9A71B491C4900A44BFF /* Base */,
			);
			name = LaunchScreen.xib;
			sourceTree = "<group>";
		};
		EF5FA9C81B4940CD00A44BFF /* Main.storyboard */ = {
			isa = PBXVariantGroup;
			children = (
				EF5FA9C91B4940CD00A44BFF /* Base */,
			);
			name = Main.storyboard;
			sourceTree = "<group>";
		};
/* End PBXVariantGroup section */

/* Begin XCBuildConfiguration section */
		EF5FA9B51B491C4900A44BFF /* Debug */ = {
			isa = XCBuildConfiguration;
			buildSettings = {
				ALWAYS_SEARCH_USER_PATHS = NO;
				CLANG_CXX_LANGUAGE_STANDARD = "gnu++0x";
				CLANG_CXX_LIBRARY = "libc++";
				CLANG_ENABLE_MODULES = YES;
				CLANG_ENABLE_OBJC_ARC = YES;
				CLANG_WARN_BOOL_CONVERSION = YES;
				CLANG_WARN_CONSTANT_CONVERSION = YES;
				CLANG_WARN_DIRECT_OBJC_ISA_USAGE = YES_ERROR;
				CLANG_WARN_EMPTY_BODY = YES;
				CLANG_WARN_ENUM_CONVERSION = YES;
				CLANG_WARN_INFINITE_RECURSION = YES;
				CLANG_WARN_INT_CONVERSION = YES;
				CLANG_WARN_OBJC_ROOT_CLASS = YES_ERROR;
				CLANG_WARN_SUSPICIOUS_MOVE = YES;
				CLANG_WARN_UNREACHABLE_CODE = YES;
				CLANG_WARN__DUPLICATE_METHOD_MATCH = YES;
				"CODE_SIGN_IDENTITY[sdk=iphoneos*]" = "iPhone Developer";
				COPY_PHASE_STRIP = NO;
				ENABLE_STRICT_OBJC_MSGSEND = YES;
				GCC_C_LANGUAGE_STANDARD = gnu99;
				GCC_DYNAMIC_NO_PIC = NO;
				GCC_NO_COMMON_BLOCKS = YES;
				GCC_OPTIMIZATION_LEVEL = 0;
				GCC_PREPROCESSOR_DEFINITIONS = (
					"DEBUG=1",
					"$(inherited)",
				);
				GCC_SYMBOLS_PRIVATE_EXTERN = NO;
				GCC_WARN_64_TO_32_BIT_CONVERSION = YES;
				GCC_WARN_ABOUT_RETURN_TYPE = YES_ERROR;
				GCC_WARN_UNDECLARED_SELECTOR = YES;
				GCC_WARN_UNINITIALIZED_AUTOS = YES_AGGRESSIVE;
				GCC_WARN_UNUSED_FUNCTION = YES;
				GCC_WARN_UNUSED_VARIABLE = YES;
				IPHONEOS_DEPLOYMENT_TARGET = 8.0;
				MTL_ENABLE_DEBUG_INFO = YES;
				ONLY_ACTIVE_ARCH = YES;
				SDKROOT = iphoneos;
				SWIFT_OBJC_BRIDGING_HEADER = "$(PROJECT_NAME)/Bridge.h";
				SWIFT_OPTIMIZATION_LEVEL = "-Onone";
			};
			name = Debug;
		};
		EF5FA9B61B491C4900A44BFF /* Release */ = {
			isa = XCBuildConfiguration;
			buildSettings = {
				ALWAYS_SEARCH_USER_PATHS = NO;
				CLANG_CXX_LANGUAGE_STANDARD = "gnu++0x";
				CLANG_CXX_LIBRARY = "libc++";
				CLANG_ENABLE_MODULES = YES;
				CLANG_ENABLE_OBJC_ARC = YES;
				CLANG_WARN_BOOL_CONVERSION = YES;
				CLANG_WARN_CONSTANT_CONVERSION = YES;
				CLANG_WARN_DIRECT_OBJC_ISA_USAGE = YES_ERROR;
				CLANG_WARN_EMPTY_BODY = YES;
				CLANG_WARN_ENUM_CONVERSION = YES;
				CLANG_WARN_INFINITE_RECURSION = YES;
				CLANG_WARN_INT_CONVERSION = YES;
				CLANG_WARN_OBJC_ROOT_CLASS = YES_ERROR;
				CLANG_WARN_SUSPICIOUS_MOVE = YES;
				CLANG_WARN_UNREACHABLE_CODE = YES;
				CLANG_WARN__DUPLICATE_METHOD_MATCH = YES;
				"CODE_SIGN_IDENTITY[sdk=iphoneos*]" = "iPhone Developer";
				COPY_PHASE_STRIP = NO;
				ENABLE_NS_ASSERTIONS = NO;
				ENABLE_STRICT_OBJC_MSGSEND = YES;
				GCC_C_LANGUAGE_STANDARD = gnu99;
				GCC_NO_COMMON_BLOCKS = YES;
				GCC_WARN_64_TO_32_BIT_CONVERSION = YES;
				GCC_WARN_ABOUT_RETURN_TYPE = YES_ERROR;
				GCC_WARN_UNDECLARED_SELECTOR = YES;
				GCC_WARN_UNINITIALIZED_AUTOS = YES_AGGRESSIVE;
				GCC_WARN_UNUSED_FUNCTION = YES;
				GCC_WARN_UNUSED_VARIABLE = YES;
				IPHONEOS_DEPLOYMENT_TARGET = 8.0;
				MTL_ENABLE_DEBUG_INFO = NO;
				SDKROOT = iphoneos;
				SWIFT_OBJC_BRIDGING_HEADER = "$(PROJECT_NAME)/Bridge.h";
				SWIFT_OPTIMIZATION_LEVEL = "-Owholemodule";
				VALIDATE_PRODUCT = YES;
			};
			name = Release;
		};
		EF5FA9B81B491C4900A44BFF /* Debug */ = {
			isa = XCBuildConfiguration;
			buildSettings = {
				ASSETCATALOG_COMPILER_APPICON_NAME = AppIcon;
				CLANG_ENABLE_MODULES = YES;
				INFOPLIST_FILE = "$(PRODUCT_NAME)/Info.plist";
				LD_RUNPATH_SEARCH_PATHS = "$(inherited) @executable_path/Frameworks";
				PRODUCT_BUNDLE_IDENTIFIER = "net.misacek.$(PRODUCT_NAME:rfc1034identifier:lower)";
				PRODUCT_NAME = Weather;
				SWIFT_OPTIMIZATION_LEVEL = "-Onone";
				SWIFT_VERSION = 3.0;
			};
			name = Debug;
		};
		EF5FA9B91B491C4900A44BFF /* Release */ = {
			isa = XCBuildConfiguration;
			buildSettings = {
				ASSETCATALOG_COMPILER_APPICON_NAME = AppIcon;
				CLANG_ENABLE_MODULES = YES;
				INFOPLIST_FILE = "$(PRODUCT_NAME)/Info.plist";
				LD_RUNPATH_SEARCH_PATHS = "$(inherited) @executable_path/Frameworks";
				PRODUCT_BUNDLE_IDENTIFIER = "net.misacek.$(PRODUCT_NAME:rfc1034identifier:lower)";
				PRODUCT_NAME = Weather;
				SWIFT_VERSION = 3.0;
			};
			name = Release;
		};
/* End XCBuildConfiguration section */

/* Begin XCConfigurationList section */
		EF5FA9911B491C4900A44BFF /* Build configuration list for PBXProject "Weather" */ = {
			isa = XCConfigurationList;
			buildConfigurations = (
				EF5FA9B51B491C4900A44BFF /* Debug */,
				EF5FA9B61B491C4900A44BFF /* Release */,
			);
			defaultConfigurationIsVisible = 0;
			defaultConfigurationName = Release;
		};
		EF5FA9B71B491C4900A44BFF /* Build configuration list for PBXNativeTarget "Weather" */ = {
			isa = XCConfigurationList;
			buildConfigurations = (
				EF5FA9B81B491C4900A44BFF /* Debug */,
				EF5FA9B91B491C4900A44BFF /* Release */,
			);
			defaultConfigurationIsVisible = 0;
			defaultConfigurationName = Release;
		};
/* End XCConfigurationList section */
	};
	rootObject = EF5FA98E1B491C4900A44BFF /* Project object */;
}
